Microsoft Visual Studio Solution File, Format Version 12.00
# Visual Studio 2012
Project("{FAE04EC0-301F-11D3-BF4B-00C04F79EFBC}") = "Flappy Quack GDScript", "Flappy Quack GDScript.csproj", "{1E3C5635-83E7-4079-8965-17BEEA853162}"
EndProject
Global
	GlobalSection(SolutionConfigurationPlatforms) = preSolution
	Debug|Any CPU = Debug|Any CPU
	Release|Any CPU = Release|Any CPU
	Tools|Any CPU = Tools|Any CPU
	EndGlobalSection
	GlobalSection(ProjectConfigurationPlatforms) = postSolution
		{1E3C5635-83E7-4079-8965-17BEEA853162}.Debug|Any CPU.ActiveCfg = Debug|Any CPU
		{1E3C5635-83E7-4079-8965-17BEEA853162}.Debug|Any CPU.Build.0 = Debug|Any CPU
		{1E3C5635-83E7-4079-8965-17BEEA853162}.Release|Any CPU.ActiveCfg = Release|Any CPU
		{1E3C5635-83E7-4079-8965-17BEEA853162}.Release|Any CPU.Build.0 = Release|Any CPU
		{1E3C5635-83E7-4079-8965-17BEEA853162}.Tools|Any CPU.ActiveCfg = Tools|Any CPU
		{1E3C5635-83E7-4079-8965-17BEEA853162}.Tools|Any CPU.Build.0 = Tools|Any CPU
	EndGlobalSection
EndGlobal
